// !$*UTF8*$!
{
	archiveVersion = 1;
	classes = {
	};
	objectVersion = 50;
	objects = {

/* Begin PBXBuildFile section */
		03B7C6D722F6D20200A92F9A /* JsonDiscovery.entitlements in Resources */ = {isa = PBXBuildFile; fileRef = 03B7C6D622F6D20200A92F9A /* JsonDiscovery.entitlements */; };
		03B7C6D922F6D20200A92F9A /* AppDelegate.swift in Sources */ = {isa = PBXBuildFile; fileRef = 03B7C6D822F6D20200A92F9A /* AppDelegate.swift */; };
		03B7C6DC22F6D20200A92F9A /* Main.storyboard in Resources */ = {isa = PBXBuildFile; fileRef = 03B7C6DA22F6D20200A92F9A /* Main.storyboard */; };
		03B7C6DE22F6D20200A92F9A /* ViewController.swift in Sources */ = {isa = PBXBuildFile; fileRef = 03B7C6DD22F6D20200A92F9A /* ViewController.swift */; };
		03B7C6E022F6D20300A92F9A /* Assets.xcassets in Resources */ = {isa = PBXBuildFile; fileRef = 03B7C6DF22F6D20300A92F9A /* Assets.xcassets */; };
		03B7C6E722F6D20300A92F9A /* JsonDiscovery Extension.appex in Embed App Extensions */ = {isa = PBXBuildFile; fileRef = 03B7C6E622F6D20300A92F9A /* JsonDiscovery Extension.appex */; settings = {ATTRIBUTES = (RemoveHeadersOnCopy, ); }; };
		03B7C6EC22F6D20300A92F9A /* Cocoa.framework in Frameworks */ = {isa = PBXBuildFile; fileRef = 03B7C6EB22F6D20300A92F9A /* Cocoa.framework */; };
		03B7C6EF22F6D20300A92F9A /* SafariExtensionHandler.swift in Sources */ = {isa = PBXBuildFile; fileRef = 03B7C6EE22F6D20300A92F9A /* SafariExtensionHandler.swift */; };
		03B7C6F122F6D20300A92F9A /* SafariExtensionViewController.swift in Sources */ = {isa = PBXBuildFile; fileRef = 03B7C6F022F6D20300A92F9A /* SafariExtensionViewController.swift */; };
		03B7C6F422F6D20300A92F9A /* SafariExtensionViewController.xib in Resources */ = {isa = PBXBuildFile; fileRef = 03B7C6F222F6D20300A92F9A /* SafariExtensionViewController.xib */; };
		03D1799122F6D9E900B3092F /* js in Resources */ = {isa = PBXBuildFile; fileRef = 03D1798F22F6D9E900B3092F /* js */; };
		03D1799222F6D9E900B3092F /* css in Resources */ = {isa = PBXBuildFile; fileRef = 03D1799022F6D9E900B3092F /* css */; };
		03EEB0D522FEB02D002DEC59 /* SettingsManager.swift in Sources */ = {isa = PBXBuildFile; fileRef = 03EEB0D422FEB02D002DEC59 /* SettingsManager.swift */; };
/* End PBXBuildFile section */

/* Begin PBXContainerItemProxy section */
		03B7C6E822F6D20300A92F9A /* PBXContainerItemProxy */ = {
			isa = PBXContainerItemProxy;
			containerPortal = 03B7C6CB22F6D20200A92F9A /* Project object */;
			proxyType = 1;
			remoteGlobalIDString = 03B7C6E522F6D20300A92F9A;
			remoteInfo = "JsonDiscovery Extension";
		};
/* End PBXContainerItemProxy section */

/* Begin PBXCopyFilesBuildPhase section */
		03B7C70022F6D20300A92F9A /* Embed App Extensions */ = {
			isa = PBXCopyFilesBuildPhase;
			buildActionMask = 2147483647;
			dstPath = "";
			dstSubfolderSpec = 13;
			files = (
				03B7C6E722F6D20300A92F9A /* JsonDiscovery Extension.appex in Embed App Extensions */,
			);
			name = "Embed App Extensions";
			runOnlyForDeploymentPostprocessing = 0;
		};
/* End PBXCopyFilesBuildPhase section */

/* Begin PBXFileReference section */
		03B7C6D322F6D20200A92F9A /* JsonDiscovery.app */ = {isa = PBXFileReference; explicitFileType = wrapper.application; includeInIndex = 0; path = JsonDiscovery.app; sourceTree = BUILT_PRODUCTS_DIR; };
		03B7C6D622F6D20200A92F9A /* JsonDiscovery.entitlements */ = {isa = PBXFileReference; lastKnownFileType = text.plist.entitlements; path = JsonDiscovery.entitlements; sourceTree = "<group>"; };
		03B7C6D822F6D20200A92F9A /* AppDelegate.swift */ = {isa = PBXFileReference; lastKnownFileType = sourcecode.swift; path = AppDelegate.swift; sourceTree = "<group>"; };
		03B7C6DB22F6D20200A92F9A /* Base */ = {isa = PBXFileReference; lastKnownFileType = file.storyboard; name = Base; path = Base.lproj/Main.storyboard; sourceTree = "<group>"; };
		03B7C6DD22F6D20200A92F9A /* ViewController.swift */ = {isa = PBXFileReference; lastKnownFileType = sourcecode.swift; path = ViewController.swift; sourceTree = "<group>"; };
		03B7C6DF22F6D20300A92F9A /* Assets.xcassets */ = {isa = PBXFileReference; lastKnownFileType = folder.assetcatalog; path = Assets.xcassets; sourceTree = "<group>"; };
		03B7C6E122F6D20300A92F9A /* Info.plist */ = {isa = PBXFileReference; lastKnownFileType = text.plist.xml; path = Info.plist; sourceTree = "<group>"; };
		03B7C6E622F6D20300A92F9A /* JsonDiscovery Extension.appex */ = {isa = PBXFileReference; explicitFileType = "wrapper.app-extension"; includeInIndex = 0; path = "JsonDiscovery Extension.appex"; sourceTree = BUILT_PRODUCTS_DIR; };
		03B7C6EB22F6D20300A92F9A /* Cocoa.framework */ = {isa = PBXFileReference; lastKnownFileType = wrapper.framework; name = Cocoa.framework; path = System/Library/Frameworks/Cocoa.framework; sourceTree = SDKROOT; };
		03B7C6EE22F6D20300A92F9A /* SafariExtensionHandler.swift */ = {isa = PBXFileReference; lastKnownFileType = sourcecode.swift; path = SafariExtensionHandler.swift; sourceTree = "<group>"; };
		03B7C6F022F6D20300A92F9A /* SafariExtensionViewController.swift */ = {isa = PBXFileReference; lastKnownFileType = sourcecode.swift; path = SafariExtensionViewController.swift; sourceTree = "<group>"; };
		03B7C6F322F6D20300A92F9A /* Base */ = {isa = PBXFileReference; lastKnownFileType = file.xib; name = Base; path = Base.lproj/SafariExtensionViewController.xib; sourceTree = "<group>"; };
		03B7C6F522F6D20300A92F9A /* Info.plist */ = {isa = PBXFileReference; lastKnownFileType = text.plist.xml; path = Info.plist; sourceTree = "<group>"; };
		03B7C6FA22F6D20300A92F9A /* JsonDiscovery_Extension.entitlements */ = {isa = PBXFileReference; lastKnownFileType = text.plist.entitlements; path = JsonDiscovery_Extension.entitlements; sourceTree = "<group>"; };
		03D1798F22F6D9E900B3092F /* js */ = {isa = PBXFileReference; lastKnownFileType = folder; path = js; sourceTree = "<group>"; };
		03D1799022F6D9E900B3092F /* css */ = {isa = PBXFileReference; lastKnownFileType = folder; path = css; sourceTree = "<group>"; };
		03EEB0D422FEB02D002DEC59 /* SettingsManager.swift */ = {isa = PBXFileReference; lastKnownFileType = sourcecode.swift; path = SettingsManager.swift; sourceTree = "<group>"; };
/* End PBXFileReference section */

/* Begin PBXFrameworksBuildPhase section */
		03B7C6D022F6D20200A92F9A /* Frameworks */ = {
			isa = PBXFrameworksBuildPhase;
			buildActionMask = 2147483647;
			files = (
			);
			runOnlyForDeploymentPostprocessing = 0;
		};
		03B7C6E322F6D20300A92F9A /* Frameworks */ = {
			isa = PBXFrameworksBuildPhase;
			buildActionMask = 2147483647;
			files = (
				03B7C6EC22F6D20300A92F9A /* Cocoa.framework in Frameworks */,
			);
			runOnlyForDeploymentPostprocessing = 0;
		};
/* End PBXFrameworksBuildPhase section */

/* Begin PBXGroup section */
		03B7C6CA22F6D20200A92F9A = {
			isa = PBXGroup;
			children = (
				03B7C6D522F6D20200A92F9A /* JsonDiscovery */,
				03B7C6ED22F6D20300A92F9A /* JsonDiscovery Extension */,
				03B7C6EA22F6D20300A92F9A /* Frameworks */,
				03B7C6D422F6D20200A92F9A /* Products */,
			);
			sourceTree = "<group>";
		};
		03B7C6D422F6D20200A92F9A /* Products */ = {
			isa = PBXGroup;
			children = (
				03B7C6D322F6D20200A92F9A /* JsonDiscovery.app */,
				03B7C6E622F6D20300A92F9A /* JsonDiscovery Extension.appex */,
			);
			name = Products;
			sourceTree = "<group>";
		};
		03B7C6D522F6D20200A92F9A /* JsonDiscovery */ = {
			isa = PBXGroup;
			children = (
				03B7C6D622F6D20200A92F9A /* JsonDiscovery.entitlements */,
				03B7C6D822F6D20200A92F9A /* AppDelegate.swift */,
				03B7C6DA22F6D20200A92F9A /* Main.storyboard */,
				03B7C6DD22F6D20200A92F9A /* ViewController.swift */,
				03B7C6DF22F6D20300A92F9A /* Assets.xcassets */,
				03B7C6E122F6D20300A92F9A /* Info.plist */,
			);
			path = JsonDiscovery;
			sourceTree = "<group>";
		};
		03B7C6EA22F6D20300A92F9A /* Frameworks */ = {
			isa = PBXGroup;
			children = (
				03B7C6EB22F6D20300A92F9A /* Cocoa.framework */,
			);
			name = Frameworks;
			sourceTree = "<group>";
		};
		03B7C6ED22F6D20300A92F9A /* JsonDiscovery Extension */ = {
			isa = PBXGroup;
			children = (
				03B7C6EE22F6D20300A92F9A /* SafariExtensionHandler.swift */,
				03EEB0D422FEB02D002DEC59 /* SettingsManager.swift */,
				03B7C6F022F6D20300A92F9A /* SafariExtensionViewController.swift */,
				03B7C6F222F6D20300A92F9A /* SafariExtensionViewController.xib */,
				03B7C6F522F6D20300A92F9A /* Info.plist */,
				03D1799022F6D9E900B3092F /* css */,
				03D1798F22F6D9E900B3092F /* js */,
				03B7C6FA22F6D20300A92F9A /* JsonDiscovery_Extension.entitlements */,
			);
			path = "JsonDiscovery Extension";
			sourceTree = "<group>";
		};
/* End PBXGroup section */

/* Begin PBXNativeTarget section */
		03B7C6D222F6D20200A92F9A /* JsonDiscovery */ = {
			isa = PBXNativeTarget;
			buildConfigurationList = 03B7C70122F6D20300A92F9A /* Build configuration list for PBXNativeTarget "JsonDiscovery" */;
			buildPhases = (
				03B7C6CF22F6D20200A92F9A /* Sources */,
				03B7C6D022F6D20200A92F9A /* Frameworks */,
				03B7C6D122F6D20200A92F9A /* Resources */,
				03B7C70022F6D20300A92F9A /* Embed App Extensions */,
			);
			buildRules = (
			);
			dependencies = (
				03B7C6E922F6D20300A92F9A /* PBXTargetDependency */,
			);
			name = JsonDiscovery;
			productName = JsonDiscovery;
			productReference = 03B7C6D322F6D20200A92F9A /* JsonDiscovery.app */;
			productType = "com.apple.product-type.application";
		};
		03B7C6E522F6D20300A92F9A /* JsonDiscovery Extension */ = {
			isa = PBXNativeTarget;
			buildConfigurationList = 03B7C6FD22F6D20300A92F9A /* Build configuration list for PBXNativeTarget "JsonDiscovery Extension" */;
			buildPhases = (
				03B7C6E222F6D20300A92F9A /* Sources */,
				03B7C6E322F6D20300A92F9A /* Frameworks */,
				03B7C6E422F6D20300A92F9A /* Resources */,
			);
			buildRules = (
			);
			dependencies = (
			);
			name = "JsonDiscovery Extension";
			productName = "JsonDiscovery Extension";
			productReference = 03B7C6E622F6D20300A92F9A /* JsonDiscovery Extension.appex */;
			productType = "com.apple.product-type.app-extension";
		};
/* End PBXNativeTarget section */

/* Begin PBXProject section */
		03B7C6CB22F6D20200A92F9A /* Project object */ = {
			isa = PBXProject;
			attributes = {
				LastSwiftUpdateCheck = 1030;
				LastUpgradeCheck = 1030;
				ORGANIZATIONNAME = exdis.me;
				TargetAttributes = {
					03B7C6D222F6D20200A92F9A = {
						CreatedOnToolsVersion = 10.3;
						SystemCapabilities = {
							com.apple.ApplicationGroups.Mac = {
								enabled = 1;
							};
							com.apple.Sandbox = {
								enabled = 1;
							};
						};
					};
					03B7C6E522F6D20300A92F9A = {
						CreatedOnToolsVersion = 10.3;
					};
				};
			};
			buildConfigurationList = 03B7C6CE22F6D20200A92F9A /* Build configuration list for PBXProject "JsonDiscovery" */;
			compatibilityVersion = "Xcode 9.3";
			developmentRegion = en;
			hasScannedForEncodings = 0;
			knownRegions = (
				en,
				Base,
			);
			mainGroup = 03B7C6CA22F6D20200A92F9A;
			productRefGroup = 03B7C6D422F6D20200A92F9A /* Products */;
			projectDirPath = "";
			projectRoot = "";
			targets = (
				03B7C6D222F6D20200A92F9A /* JsonDiscovery */,
				03B7C6E522F6D20300A92F9A /* JsonDiscovery Extension */,
			);
		};
/* End PBXProject section */

/* Begin PBXResourcesBuildPhase section */
		03B7C6D122F6D20200A92F9A /* Resources */ = {
			isa = PBXResourcesBuildPhase;
			buildActionMask = 2147483647;
			files = (
				03B7C6D722F6D20200A92F9A /* JsonDiscovery.entitlements in Resources */,
				03B7C6E022F6D20300A92F9A /* Assets.xcassets in Resources */,
				03B7C6DC22F6D20200A92F9A /* Main.storyboard in Resources */,
			);
			runOnlyForDeploymentPostprocessing = 0;
		};
		03B7C6E422F6D20300A92F9A /* Resources */ = {
			isa = PBXResourcesBuildPhase;
			buildActionMask = 2147483647;
			files = (
				03D1799222F6D9E900B3092F /* css in Resources */,
				03B7C6F422F6D20300A92F9A /* SafariExtensionViewController.xib in Resources */,
				03D1799122F6D9E900B3092F /* js in Resources */,
			);
			runOnlyForDeploymentPostprocessing = 0;
		};
/* End PBXResourcesBuildPhase section */

/* Begin PBXSourcesBuildPhase section */
		03B7C6CF22F6D20200A92F9A /* Sources */ = {
			isa = PBXSourcesBuildPhase;
			buildActionMask = 2147483647;
			files = (
				03B7C6DE22F6D20200A92F9A /* ViewController.swift in Sources */,
				03B7C6D922F6D20200A92F9A /* AppDelegate.swift in Sources */,
			);
			runOnlyForDeploymentPostprocessing = 0;
		};
		03B7C6E222F6D20300A92F9A /* Sources */ = {
			isa = PBXSourcesBuildPhase;
			buildActionMask = 2147483647;
			files = (
				03EEB0D522FEB02D002DEC59 /* SettingsManager.swift in Sources */,
				03B7C6F122F6D20300A92F9A /* SafariExtensionViewController.swift in Sources */,
				03B7C6EF22F6D20300A92F9A /* SafariExtensionHandler.swift in Sources */,
			);
			runOnlyForDeploymentPostprocessing = 0;
		};
/* End PBXSourcesBuildPhase section */

/* Begin PBXTargetDependency section */
		03B7C6E922F6D20300A92F9A /* PBXTargetDependency */ = {
			isa = PBXTargetDependency;
			target = 03B7C6E522F6D20300A92F9A /* JsonDiscovery Extension */;
			targetProxy = 03B7C6E822F6D20300A92F9A /* PBXContainerItemProxy */;
		};
/* End PBXTargetDependency section */

/* Begin PBXVariantGroup section */
		03B7C6DA22F6D20200A92F9A /* Main.storyboard */ = {
			isa = PBXVariantGroup;
			children = (
				03B7C6DB22F6D20200A92F9A /* Base */,
			);
			name = Main.storyboard;
			sourceTree = "<group>";
		};
		03B7C6F222F6D20300A92F9A /* SafariExtensionViewController.xib */ = {
			isa = PBXVariantGroup;
			children = (
				03B7C6F322F6D20300A92F9A /* Base */,
			);
			name = SafariExtensionViewController.xib;
			sourceTree = "<group>";
		};
/* End PBXVariantGroup section */

/* Begin XCBuildConfiguration section */
		03B7C6FB22F6D20300A92F9A /* Debug */ = {
			isa = XCBuildConfiguration;
			buildSettings = {
				ALWAYS_SEARCH_USER_PATHS = NO;
				CLANG_ANALYZER_NONNULL = YES;
				CLANG_ANALYZER_NUMBER_OBJECT_CONVERSION = YES_AGGRESSIVE;
				CLANG_CXX_LANGUAGE_STANDARD = "gnu++14";
				CLANG_CXX_LIBRARY = "libc++";
				CLANG_ENABLE_MODULES = YES;
				CLANG_ENABLE_OBJC_ARC = YES;
				CLANG_ENABLE_OBJC_WEAK = YES;
				CLANG_WARN_BLOCK_CAPTURE_AUTORELEASING = YES;
				CLANG_WARN_BOOL_CONVERSION = YES;
				CLANG_WARN_COMMA = YES;
				CLANG_WARN_CONSTANT_CONVERSION = YES;
				CLANG_WARN_DEPRECATED_OBJC_IMPLEMENTATIONS = YES;
				CLANG_WARN_DIRECT_OBJC_ISA_USAGE = YES_ERROR;
				CLANG_WARN_DOCUMENTATION_COMMENTS = YES;
				CLANG_WARN_EMPTY_BODY = YES;
				CLANG_WARN_ENUM_CONVERSION = YES;
				CLANG_WARN_INFINITE_RECURSION = YES;
				CLANG_WARN_INT_CONVERSION = YES;
				CLANG_WARN_NON_LITERAL_NULL_CONVERSION = YES;
				CLANG_WARN_OBJC_IMPLICIT_RETAIN_SELF = YES;
				CLANG_WARN_OBJC_LITERAL_CONVERSION = YES;
				CLANG_WARN_OBJC_ROOT_CLASS = YES_ERROR;
				CLANG_WARN_RANGE_LOOP_ANALYSIS = YES;
				CLANG_WARN_STRICT_PROTOTYPES = YES;
				CLANG_WARN_SUSPICIOUS_MOVE = YES;
				CLANG_WARN_UNGUARDED_AVAILABILITY = YES_AGGRESSIVE;
				CLANG_WARN_UNREACHABLE_CODE = YES;
				CLANG_WARN__DUPLICATE_METHOD_MATCH = YES;
				CODE_SIGN_IDENTITY = "Mac Developer";
				COPY_PHASE_STRIP = NO;
				DEBUG_INFORMATION_FORMAT = dwarf;
				ENABLE_STRICT_OBJC_MSGSEND = YES;
				ENABLE_TESTABILITY = YES;
				GCC_C_LANGUAGE_STANDARD = gnu11;
				GCC_DYNAMIC_NO_PIC = NO;
				GCC_NO_COMMON_BLOCKS = YES;
				GCC_OPTIMIZATION_LEVEL = 0;
				GCC_PREPROCESSOR_DEFINITIONS = (
					"DEBUG=1",
					"$(inherited)",
				);
				GCC_WARN_64_TO_32_BIT_CONVERSION = YES;
				GCC_WARN_ABOUT_RETURN_TYPE = YES_ERROR;
				GCC_WARN_UNDECLARED_SELECTOR = YES;
				GCC_WARN_UNINITIALIZED_AUTOS = YES_AGGRESSIVE;
				GCC_WARN_UNUSED_FUNCTION = YES;
				GCC_WARN_UNUSED_VARIABLE = YES;
				MACOSX_DEPLOYMENT_TARGET = 10.14;
				MTL_ENABLE_DEBUG_INFO = INCLUDE_SOURCE;
				MTL_FAST_MATH = YES;
				ONLY_ACTIVE_ARCH = YES;
				SDKROOT = macosx;
				SWIFT_ACTIVE_COMPILATION_CONDITIONS = DEBUG;
				SWIFT_OPTIMIZATION_LEVEL = "-Onone";
			};
			name = Debug;
		};
		03B7C6FC22F6D20300A92F9A /* Release */ = {
			isa = XCBuildConfiguration;
			buildSettings = {
				ALWAYS_SEARCH_USER_PATHS = NO;
				CLANG_ANALYZER_NONNULL = YES;
				CLANG_ANALYZER_NUMBER_OBJECT_CONVERSION = YES_AGGRESSIVE;
				CLANG_CXX_LANGUAGE_STANDARD = "gnu++14";
				CLANG_CXX_LIBRARY = "libc++";
				CLANG_ENABLE_MODULES = YES;
				CLANG_ENABLE_OBJC_ARC = YES;
				CLANG_ENABLE_OBJC_WEAK = YES;
				CLANG_WARN_BLOCK_CAPTURE_AUTORELEASING = YES;
				CLANG_WARN_BOOL_CONVERSION = YES;
				CLANG_WARN_COMMA = YES;
				CLANG_WARN_CONSTANT_CONVERSION = YES;
				CLANG_WARN_DEPRECATED_OBJC_IMPLEMENTATIONS = YES;
				CLANG_WARN_DIRECT_OBJC_ISA_USAGE = YES_ERROR;
				CLANG_WARN_DOCUMENTATION_COMMENTS = YES;
				CLANG_WARN_EMPTY_BODY = YES;
				CLANG_WARN_ENUM_CONVERSION = YES;
				CLANG_WARN_INFINITE_RECURSION = YES;
				CLANG_WARN_INT_CONVERSION = YES;
				CLANG_WARN_NON_LITERAL_NULL_CONVERSION = YES;
				CLANG_WARN_OBJC_IMPLICIT_RETAIN_SELF = YES;
				CLANG_WARN_OBJC_LITERAL_CONVERSION = YES;
				CLANG_WARN_OBJC_ROOT_CLASS = YES_ERROR;
				CLANG_WARN_RANGE_LOOP_ANALYSIS = YES;
				CLANG_WARN_STRICT_PROTOTYPES = YES;
				CLANG_WARN_SUSPICIOUS_MOVE = YES;
				CLANG_WARN_UNGUARDED_AVAILABILITY = YES_AGGRESSIVE;
				CLANG_WARN_UNREACHABLE_CODE = YES;
				CLANG_WARN__DUPLICATE_METHOD_MATCH = YES;
				CODE_SIGN_IDENTITY = "Mac Developer";
				COPY_PHASE_STRIP = NO;
				DEBUG_INFORMATION_FORMAT = "dwarf-with-dsym";
				ENABLE_NS_ASSERTIONS = NO;
				ENABLE_STRICT_OBJC_MSGSEND = YES;
				GCC_C_LANGUAGE_STANDARD = gnu11;
				GCC_NO_COMMON_BLOCKS = YES;
				GCC_WARN_64_TO_32_BIT_CONVERSION = YES;
				GCC_WARN_ABOUT_RETURN_TYPE = YES_ERROR;
				GCC_WARN_UNDECLARED_SELECTOR = YES;
				GCC_WARN_UNINITIALIZED_AUTOS = YES_AGGRESSIVE;
				GCC_WARN_UNUSED_FUNCTION = YES;
				GCC_WARN_UNUSED_VARIABLE = YES;
				MACOSX_DEPLOYMENT_TARGET = 10.14;
				MTL_ENABLE_DEBUG_INFO = NO;
				MTL_FAST_MATH = YES;
				SDKROOT = macosx;
				SWIFT_COMPILATION_MODE = wholemodule;
				SWIFT_OPTIMIZATION_LEVEL = "-O";
			};
			name = Release;
		};
		03B7C6FE22F6D20300A92F9A /* Debug */ = {
			isa = XCBuildConfiguration;
			buildSettings = {
				CODE_SIGN_ENTITLEMENTS = "JsonDiscovery Extension/JsonDiscovery_Extension.entitlements";
				CODE_SIGN_STYLE = Automatic;
				DEVELOPMENT_TEAM = F767NRAUYY;
				INFOPLIST_FILE = "JsonDiscovery Extension/Info.plist";
				LD_RUNPATH_SEARCH_PATHS = (
					"$(inherited)",
					"@executable_path/../Frameworks",
					"@executable_path/../../../../Frameworks",
				);
				PRODUCT_BUNDLE_IDENTIFIER = "me.exdis.JsonDiscovery-Extension";
				PRODUCT_NAME = "$(TARGET_NAME)";
				SKIP_INSTALL = YES;
				SWIFT_VERSION = 5.0;
			};
			name = Debug;
		};
		03B7C6FF22F6D20300A92F9A /* Release */ = {
			isa = XCBuildConfiguration;
			buildSettings = {
				CODE_SIGN_ENTITLEMENTS = "JsonDiscovery Extension/JsonDiscovery_Extension.entitlements";
				CODE_SIGN_STYLE = Automatic;
				DEVELOPMENT_TEAM = F767NRAUYY;
				INFOPLIST_FILE = "JsonDiscovery Extension/Info.plist";
				LD_RUNPATH_SEARCH_PATHS = (
					"$(inherited)",
					"@executable_path/../Frameworks",
					"@executable_path/../../../../Frameworks",
				);
				PRODUCT_BUNDLE_IDENTIFIER = "me.exdis.JsonDiscovery-Extension";
				PRODUCT_NAME = "$(TARGET_NAME)";
				SKIP_INSTALL = YES;
				SWIFT_VERSION = 5.0;
			};
			name = Release;
		};
		03B7C70222F6D20300A92F9A /* Debug */ = {
			isa = XCBuildConfiguration;
			buildSettings = {
				ALWAYS_EMBED_SWIFT_STANDARD_LIBRARIES = YES;
				ASSETCATALOG_COMPILER_APPICON_NAME = AppIcon;
				CODE_SIGN_ENTITLEMENTS = JsonDiscovery/JsonDiscovery.entitlements;
				CODE_SIGN_STYLE = Automatic;
				COMBINE_HIDPI_IMAGES = YES;
				DEVELOPMENT_TEAM = F767NRAUYY;
				INFOPLIST_FILE = JsonDiscovery/Info.plist;
				LD_RUNPATH_SEARCH_PATHS = (
					"$(inherited)",
					"@executable_path/../Frameworks",
				);
				MACOSX_DEPLOYMENT_TARGET = 10.12;
				PRODUCT_BUNDLE_IDENTIFIER = me.exdis.JsonDiscovery;
				PRODUCT_NAME = "$(TARGET_NAME)";
				SWIFT_VERSION = 5.0;
			};
			name = Debug;
		};
		03B7C70322F6D20300A92F9A /* Release */ = {
			isa = XCBuildConfiguration;
			buildSettings = {
				ALWAYS_EMBED_SWIFT_STANDARD_LIBRARIES = YES;
				ASSETCATALOG_COMPILER_APPICON_NAME = AppIcon;
				CODE_SIGN_ENTITLEMENTS = JsonDiscovery/JsonDiscovery.entitlements;
				CODE_SIGN_STYLE = Automatic;
				COMBINE_HIDPI_IMAGES = YES;
				DEVELOPMENT_TEAM = F767NRAUYY;
				INFOPLIST_FILE = JsonDiscovery/Info.plist;
				LD_RUNPATH_SEARCH_PATHS = (
					"$(inherited)",
					"@executable_path/../Frameworks",
				);
				MACOSX_DEPLOYMENT_TARGET = 10.12;
				PRODUCT_BUNDLE_IDENTIFIER = me.exdis.JsonDiscovery;
				PRODUCT_NAME = "$(TARGET_NAME)";
				SWIFT_VERSION = 5.0;
			};
			name = Release;
		};
/* End XCBuildConfiguration section */

/* Begin XCConfigurationList section */
		03B7C6CE22F6D20200A92F9A /* Build configuration list for PBXProject "JsonDiscovery" */ = {
			isa = XCConfigurationList;
			buildConfigurations = (
				03B7C6FB22F6D20300A92F9A /* Debug */,
				03B7C6FC22F6D20300A92F9A /* Release */,
			);
			defaultConfigurationIsVisible = 0;
			defaultConfigurationName = Release;
		};
		03B7C6FD22F6D20300A92F9A /* Build configuration list for PBXNativeTarget "JsonDiscovery Extension" */ = {
			isa = XCConfigurationList;
			buildConfigurations = (
				03B7C6FE22F6D20300A92F9A /* Debug */,
				03B7C6FF22F6D20300A92F9A /* Release */,
			);
			defaultConfigurationIsVisible = 0;
			defaultConfigurationName = Release;
		};
		03B7C70122F6D20300A92F9A /* Build configuration list for PBXNativeTarget "JsonDiscovery" */ = {
			isa = XCConfigurationList;
			buildConfigurations = (
				03B7C70222F6D20300A92F9A /* Debug */,
				03B7C70322F6D20300A92F9A /* Release */,
			);
			defaultConfigurationIsVisible = 0;
			defaultConfigurationName = Release;
		};
/* End XCConfigurationList section */
	};
	rootObject = 03B7C6CB22F6D20200A92F9A /* Project object */;
}
